
Microsoft Visual Studio Solution File, Format Version 12.00
# Visual Studio Version 17
VisualStudioVersion = 17.11.35303.130
MinimumVisualStudioVersion = 10.0.40219.1
Project("{FAE04EC0-301F-11D3-BF4B-00C04F79EFBC}") = "SpAssemblyLoaderApp", "SpAssemblyLoaderApp\SpAssemblyLoaderApp.csproj", "{F727B13D-B265-4171-92CB-6C46FB4CD31A}"
EndProject
Project("{FAE04EC0-301F-11D3-BF4B-00C04F79EFBC}") = "SpAssamblyLibrary", "SpAssamblyLibrary\SpAssamblyLibrary.csproj", "{B77BD830-4704-4711-8C3B-EC28715F1B92}"
EndProject
Global
	GlobalSection(SolutionConfigurationPlatforms) = preSolution
		Debug|Any CPU = Debug|Any CPU
		Release|Any CPU = Release|Any CPU
	EndGlobalSection
	GlobalSection(ProjectConfigurationPlatforms) = postSolution
		{F727B13D-B265-4171-92CB-6C46FB4CD31A}.Debug|Any CPU.ActiveCfg = Debug|Any CPU
		{F727B13D-B265-4171-92CB-6C46FB4CD31A}.Debug|Any CPU.Build.0 = Debug|Any CPU
		{F727B13D-B265-4171-92CB-6C46FB4CD31A}.Release|Any CPU.ActiveCfg = Release|Any CPU
		{F727B13D-B265-4171-92CB-6C46FB4CD31A}.Release|Any CPU.Build.0 = Release|Any CPU
		{B77BD830-4704-4711-8C3B-EC28715F1B92}.Debug|Any CPU.ActiveCfg = Debug|Any CPU
		{B77BD830-4704-4711-8C3B-EC28715F1B92}.Debug|Any CPU.Build.0 = Debug|Any CPU
		{B77BD830-4704-4711-8C3B-EC28715F1B92}.Release|Any CPU.ActiveCfg = Release|Any CPU
		{B77BD830-4704-4711-8C3B-EC28715F1B92}.Release|Any CPU.Build.0 = Release|Any CPU
	EndGlobalSection
	GlobalSection(SolutionProperties) = preSolution
		HideSolutionNode = FALSE
	EndGlobalSection
	GlobalSection(ExtensibilityGlobals) = postSolution
		SolutionGuid = {770CDBD9-59E2-4FF7-8208-014025F3988F}
	EndGlobalSection
EndGlobal
